
Microsoft Visual Studio Solution File, Format Version 12.00
# Visual Studio Version 16
VisualStudioVersion = 16.0.31605.320
MinimumVisualStudioVersion = 10.0.40219.1
Project("{FAE04EC0-301F-11D3-BF4B-00C04F79EFBC}") = "OperatorsExercise", "OperatorsExercise\OperatorsExercise.csproj", "{42364910-9D2C-44F4-86DC-3A25961EE54C}"
EndProject
Global
	GlobalSection(SolutionConfigurationPlatforms) = preSolution
		Debug|Any CPU = Debug|Any CPU
		Release|Any CPU = Release|Any CPU
	EndGlobalSection
	GlobalSection(ProjectConfigurationPlatforms) = postSolution
		{42364910-9D2C-44F4-86DC-3A25961EE54C}.Debug|Any CPU.ActiveCfg = Debug|Any CPU
		{42364910-9D2C-44F4-86DC-3A25961EE54C}.Debug|Any CPU.Build.0 = Debug|Any CPU
		{42364910-9D2C-44F4-86DC-3A25961EE54C}.Release|Any CPU.ActiveCfg = Release|Any CPU
		{42364910-9D2C-44F4-86DC-3A25961EE54C}.Release|Any CPU.Build.0 = Release|Any CPU
	EndGlobalSection
	GlobalSection(SolutionProperties) = preSolution
		HideSolutionNode = FALSE
	EndGlobalSection
	GlobalSection(ExtensibilityGlobals) = postSolution
		SolutionGuid = {EF8E7019-828B-4628-BADD-EC72F826C9C2}
	EndGlobalSection
EndGlobal
